
Microsoft Visual Studio Solution File, Format Version 12.00
# Visual Studio Version 17
VisualStudioVersion = 17.3.32929.385
MinimumVisualStudioVersion = 10.0.40219.1
Project("{9A19103F-16F7-4668-BE54-9A1E7A4F7556}") = "HallovEngine", "Hallov\HallovEngine.csproj", "{E22EB55E-CDA4-441B-81AE-D510EE7AB6E5}"
EndProject
Project("{9A19103F-16F7-4668-BE54-9A1E7A4F7556}") = "Testing", "Testing\Testing.csproj", "{283C4C69-352E-41D2-9034-E2C7850C4944}"
EndProject
Project("{2150E333-8FDC-42A3-9474-1A3956D46DE8}") = "core", "core", "{F25329C9-13B8-45D2-8311-29989A5AC6F6}"
EndProject
Global
	GlobalSection(SolutionConfigurationPlatforms) = preSolution
		Debug|Any CPU = Debug|Any CPU
		Debug|x64 = Debug|x64
		Release|Any CPU = Release|Any CPU
		Release|x64 = Release|x64
	EndGlobalSection
	GlobalSection(ProjectConfigurationPlatforms) = postSolution
		{E22EB55E-CDA4-441B-81AE-D510EE7AB6E5}.Debug|Any CPU.ActiveCfg = Debug|Any CPU
		{E22EB55E-CDA4-441B-81AE-D510EE7AB6E5}.Debug|Any CPU.Build.0 = Debug|Any CPU
		{E22EB55E-CDA4-441B-81AE-D510EE7AB6E5}.Debug|x64.ActiveCfg = Debug|x64
		{E22EB55E-CDA4-441B-81AE-D510EE7AB6E5}.Debug|x64.Build.0 = Debug|x64
		{E22EB55E-CDA4-441B-81AE-D510EE7AB6E5}.Release|Any CPU.ActiveCfg = Release|Any CPU
		{E22EB55E-CDA4-441B-81AE-D510EE7AB6E5}.Release|Any CPU.Build.0 = Release|Any CPU
		{E22EB55E-CDA4-441B-81AE-D510EE7AB6E5}.Release|x64.ActiveCfg = Release|x64
		{E22EB55E-CDA4-441B-81AE-D510EE7AB6E5}.Release|x64.Build.0 = Release|x64
		{283C4C69-352E-41D2-9034-E2C7850C4944}.Debug|Any CPU.ActiveCfg = Debug|Any CPU
		{283C4C69-352E-41D2-9034-E2C7850C4944}.Debug|Any CPU.Build.0 = Debug|Any CPU
		{283C4C69-352E-41D2-9034-E2C7850C4944}.Debug|x64.ActiveCfg = Debug|Any CPU
		{283C4C69-352E-41D2-9034-E2C7850C4944}.Debug|x64.Build.0 = Debug|Any CPU
		{283C4C69-352E-41D2-9034-E2C7850C4944}.Release|Any CPU.ActiveCfg = Release|Any CPU
		{283C4C69-352E-41D2-9034-E2C7850C4944}.Release|Any CPU.Build.0 = Release|Any CPU
		{283C4C69-352E-41D2-9034-E2C7850C4944}.Release|x64.ActiveCfg = Release|Any CPU
		{283C4C69-352E-41D2-9034-E2C7850C4944}.Release|x64.Build.0 = Release|Any CPU
	EndGlobalSection
	GlobalSection(SolutionProperties) = preSolution
		HideSolutionNode = FALSE
	EndGlobalSection
	GlobalSection(NestedProjects) = preSolution
		{E22EB55E-CDA4-441B-81AE-D510EE7AB6E5} = {F25329C9-13B8-45D2-8311-29989A5AC6F6}
	EndGlobalSection
	GlobalSection(ExtensibilityGlobals) = postSolution
		SolutionGuid = {AB635F78-429C-4F51-A346-1715F7FFC30D}
	EndGlobalSection
EndGlobal
